
Microsoft Visual Studio Solution File, Format Version 12.00
# Visual Studio Version 17
VisualStudioVersion = 17.3.32929.385
MinimumVisualStudioVersion = 10.0.40219.1
Project("{8BC9CEB8-8B4A-11D0-8D11-00A0C91BC942}") = "Concentrations", "Concentrations\Concentrations.vcxproj", "{34A3FB6B-792F-4148-B6CC-51F60D30049B}"
EndProject
Global
	GlobalSection(SolutionConfigurationPlatforms) = preSolution
		Debug|x64 = Debug|x64
		Release|x64 = Release|x64
	EndGlobalSection
	GlobalSection(ProjectConfigurationPlatforms) = postSolution
		{34A3FB6B-792F-4148-B6CC-51F60D30049B}.Debug|x64.ActiveCfg = Debug|x64
		{34A3FB6B-792F-4148-B6CC-51F60D30049B}.Debug|x64.Build.0 = Debug|x64
		{34A3FB6B-792F-4148-B6CC-51F60D30049B}.Release|x64.ActiveCfg = Release|x64
		{34A3FB6B-792F-4148-B6CC-51F60D30049B}.Release|x64.Build.0 = Release|x64
	EndGlobalSection
	GlobalSection(SolutionProperties) = preSolution
		HideSolutionNode = FALSE
	EndGlobalSection
	GlobalSection(ExtensibilityGlobals) = postSolution
		SolutionGuid = {AF8726A4-393B-40A9-807A-4ABCB9C1728B}
	EndGlobalSection
EndGlobal
